
Microsoft Visual Studio Solution File, Format Version 12.00
# Visual Studio 15
VisualStudioVersion = 15.0.28010.2003
MinimumVisualStudioVersion = 10.0.40219.1
Project("{FAE04EC0-301F-11D3-BF4B-00C04F79EFBC}") = "TypeConversion", "TypeConversion\TypeConversion.csproj", "{EC91129B-454B-4A01-B475-0BD7AF5FA792}"
EndProject
Global
	GlobalSection(SolutionConfigurationPlatforms) = preSolution
		Debug|Any CPU = Debug|Any CPU
		Release|Any CPU = Release|Any CPU
	EndGlobalSection
	GlobalSection(ProjectConfigurationPlatforms) = postSolution
		{EC91129B-454B-4A01-B475-0BD7AF5FA792}.Debug|Any CPU.ActiveCfg = Debug|Any CPU
		{EC91129B-454B-4A01-B475-0BD7AF5FA792}.Debug|Any CPU.Build.0 = Debug|Any CPU
		{EC91129B-454B-4A01-B475-0BD7AF5FA792}.Release|Any CPU.ActiveCfg = Release|Any CPU
		{EC91129B-454B-4A01-B475-0BD7AF5FA792}.Release|Any CPU.Build.0 = Release|Any CPU
	EndGlobalSection
	GlobalSection(SolutionProperties) = preSolution
		HideSolutionNode = FALSE
	EndGlobalSection
	GlobalSection(ExtensibilityGlobals) = postSolution
		SolutionGuid = {13F17675-C94F-433E-8B71-EE32FD05CD72}
	EndGlobalSection
EndGlobal
